
Microsoft Visual Studio Solution File, Format Version 12.00
# Visual Studio Version 17
VisualStudioVersion = 17.8.34511.84
MinimumVisualStudioVersion = 10.0.40219.1
Project("{9A19103F-16F7-4668-BE54-9A1E7A4F7556}") = "Hello Dungeon", "Hello Dungeon.csproj", "{0A6FE5DB-F77B-4DA1-9F82-FD67EDD1B17B}"
EndProject
Global
	GlobalSection(SolutionConfigurationPlatforms) = preSolution
		Debug|Any CPU = Debug|Any CPU
		Release|Any CPU = Release|Any CPU
	EndGlobalSection
	GlobalSection(ProjectConfigurationPlatforms) = postSolution
		{0A6FE5DB-F77B-4DA1-9F82-FD67EDD1B17B}.Debug|Any CPU.ActiveCfg = Debug|Any CPU
		{0A6FE5DB-F77B-4DA1-9F82-FD67EDD1B17B}.Debug|Any CPU.Build.0 = Debug|Any CPU
		{0A6FE5DB-F77B-4DA1-9F82-FD67EDD1B17B}.Release|Any CPU.ActiveCfg = Release|Any CPU
		{0A6FE5DB-F77B-4DA1-9F82-FD67EDD1B17B}.Release|Any CPU.Build.0 = Release|Any CPU
	EndGlobalSection
	GlobalSection(SolutionProperties) = preSolution
		HideSolutionNode = FALSE
	EndGlobalSection
	GlobalSection(ExtensibilityGlobals) = postSolution
		SolutionGuid = {38C66AA1-B4B9-4A82-8724-81FE65D49C32}
	EndGlobalSection
EndGlobal
